<?xml version="1.0" encoding="utf-8"?>
<Project ToolsVersion="4.0" xmlns="http://schemas.microsoft.com/developer/msbuild/2003">
  <ItemGroup>
    <ClCompile Include="src\hooks.cc" />
    <ClCompile Include="src\main.cc" />
    <ClCompile Include="src\plugin.cc" />
    <ClCompile Include="src\rakserver.cc" />
    <ClCompile Include="src\script.cc" />
    <ClCompile Include="lib\RakNet\BitStream.cpp">
      <Filter>lib\RakNet</Filter>
    </ClCompile>
    <ClCompile Include="lib\RakNet\DS_HuffmanEncodingTree.cpp">
      <Filter>lib\RakNet</Filter>
    </ClCompile>
    <ClCompile Include="lib\RakNet\StringCompressor.cpp">
      <Filter>lib\RakNet</Filter>
    </ClCompile>
    <ClCompile Include="lib\RakNet\PluginInterface.cpp">
      <Filter>lib\RakNet</Filter>
    </ClCompile>
  </ItemGroup>
  <ItemGroup>
    <ClInclude Include="src\config.h" />
    <ClInclude Include="src\hooks.h" />
    <ClInclude Include="src\main.h" />
    <ClInclude Include="src\native_param.h" />
    <ClInclude Include="src\plugin.h" />
    <ClInclude Include="src\rakserver.h" />
    <ClInclude Include="src\script.h" />
    <ClInclude Include="lib\RakNet\BitStream.h">
      <Filter>lib\RakNet</Filter>
    </ClInclude>
    <ClInclude Include="lib\RakNet\DS_HuffmanEncodingTree.h">
      <Filter>lib\RakNet</Filter>
    </ClInclude>
    <ClInclude Include="lib\RakNet\DS_HuffmanEncodingTreeNode.h">
      <Filter>lib\RakNet</Filter>
    </ClInclude>
    <ClInclude Include="lib\RakNet\NetworkTypes.h">
      <Filter>lib\RakNet</Filter>
    </ClInclude>
    <ClInclude Include="lib\RakNet\StringCompressor.h">
      <Filter>lib\RakNet</Filter>
    </ClInclude>
    <ClInclude Include="lib\RakNet\PluginInterface.h">
      <Filter>lib\RakNet</Filter>
    </ClInclude>
  </ItemGroup>
  <ItemGroup>
    <None Include="src\Pawn.RakNet.inc" />
  </ItemGroup>
  <ItemGroup>
    <Filter Include="lib">
      <UniqueIdentifier>{54f99fb2-bf52-4b38-a51f-7c513982e748}</UniqueIdentifier>
    </Filter>
    <Filter Include="lib\RakNet">
      <UniqueIdentifier>{9266a405-70c6-4fdb-975b-6f2ead8978d0}</UniqueIdentifier>
    </Filter>
  </ItemGroup>
</Project>